
Microsoft Visual Studio Solution File, Format Version 11.00
# Visual Studio 2010
Project("{E24C65DC-7377-472B-9ABA-BC803B73C61A}") = "sala_source", "sala_source\", "{0FF5BC7B-E8ED-4797-9288-AB25D46406B3}"
	ProjectSection(WebsiteProperties) = preProject
		TargetFrameworkMoniker = ".NETFramework,Version%3Dv3.5"
		Debug.AspNetCompiler.VirtualPath = "/sala_source"
		Debug.AspNetCompiler.PhysicalPath = "sala_source\"
		Debug.AspNetCompiler.TargetPath = "PrecompiledWeb\sala_source\"
		Debug.AspNetCompiler.Updateable = "true"
		Debug.AspNetCompiler.ForceOverwrite = "true"
		Debug.AspNetCompiler.FixedNames = "false"
		Debug.AspNetCompiler.Debug = "True"
		Release.AspNetCompiler.VirtualPath = "/sala_source"
		Release.AspNetCompiler.PhysicalPath = "sala_source\"
		Release.AspNetCompiler.TargetPath = "PrecompiledWeb\sala_source\"
		Release.AspNetCompiler.Updateable = "true"
		Release.AspNetCompiler.ForceOverwrite = "true"
		Release.AspNetCompiler.FixedNames = "false"
		Release.AspNetCompiler.Debug = "False"
		VWDPort = "9589"
	EndProjectSection
EndProject
Global
	GlobalSection(SolutionConfigurationPlatforms) = preSolution
		Debug|Any CPU = Debug|Any CPU
	EndGlobalSection
	GlobalSection(ProjectConfigurationPlatforms) = postSolution
		{0FF5BC7B-E8ED-4797-9288-AB25D46406B3}.Debug|Any CPU.ActiveCfg = Debug|Any CPU
		{0FF5BC7B-E8ED-4797-9288-AB25D46406B3}.Debug|Any CPU.Build.0 = Debug|Any CPU
	EndGlobalSection
	GlobalSection(SolutionProperties) = preSolution
		HideSolutionNode = FALSE
	EndGlobalSection
EndGlobal
